
Microsoft Visual Studio Solution File, Format Version 12.00
# Visual Studio Version 17
VisualStudioVersion = 17.5.33424.131
MinimumVisualStudioVersion = 10.0.40219.1
Project("{F184B08F-C81C-45F6-A57F-5ABD9991F28F}") = "SPSApp1Rev1", "SPSApp1Rev1.vbproj", "{72803013-C5A5-4E45-99F3-3F3994C72964}"
EndProject
Project("{54435603-DBB4-11D2-8724-00A0C9A8B90C}") = "SPSApp1Rev1", "SPSApp1Rev1\SPSApp1Rev1.vdproj", "{D2880FF8-1D05-4305-8E45-68A20AA02365}"
EndProject
Global
	GlobalSection(SolutionConfigurationPlatforms) = preSolution
		Debug|Any CPU = Debug|Any CPU
		Release|Any CPU = Release|Any CPU
	EndGlobalSection
	GlobalSection(ProjectConfigurationPlatforms) = postSolution
		{72803013-C5A5-4E45-99F3-3F3994C72964}.Debug|Any CPU.ActiveCfg = Debug|Any CPU
		{72803013-C5A5-4E45-99F3-3F3994C72964}.Debug|Any CPU.Build.0 = Debug|Any CPU
		{72803013-C5A5-4E45-99F3-3F3994C72964}.Release|Any CPU.ActiveCfg = Release|Any CPU
		{72803013-C5A5-4E45-99F3-3F3994C72964}.Release|Any CPU.Build.0 = Release|Any CPU
		{D2880FF8-1D05-4305-8E45-68A20AA02365}.Debug|Any CPU.ActiveCfg = Debug
		{D2880FF8-1D05-4305-8E45-68A20AA02365}.Release|Any CPU.ActiveCfg = Release
	EndGlobalSection
	GlobalSection(SolutionProperties) = preSolution
		HideSolutionNode = FALSE
	EndGlobalSection
	GlobalSection(ExtensibilityGlobals) = postSolution
		SolutionGuid = {C65C6E99-66C6-469A-BAA7-B2432949BA21}
	EndGlobalSection
EndGlobal
